// !$*UTF8*$!
{
	archiveVersion = 1;
	classes = {
	};
	objectVersion = 46;
	objects = {

/* Begin PBXBuildFile section */
		205C2CC41AF6C9BA004ED9A7 /* Twelve.cpp in Sources */ = {isa = PBXBuildFile; fileRef = 205C2CC21AF6C9BA004ED9A7 /* Twelve.cpp */; };
		205CDA5F1AF5A46C00A7F2DE /* Square.cpp in Sources */ = {isa = PBXBuildFile; fileRef = 205CDA5D1AF5A46C00A7F2DE /* Square.cpp */; };
		205CDA621AF5BAB600A7F2DE /* Game.cpp in Sources */ = {isa = PBXBuildFile; fileRef = 205CDA601AF5BAB600A7F2DE /* Game.cpp */; };
		20958BEE1AF598A40017A48E /* main.cpp in Sources */ = {isa = PBXBuildFile; fileRef = 20958BED1AF598A40017A48E /* main.cpp */; };
		20958BF01AF598A40017A48E /* Images.xcassets in Resources */ = {isa = PBXBuildFile; fileRef = 20958BEF1AF598A40017A48E /* Images.xcassets */; };
		20958BFF1AF598A40017A48E /* TwelveTests.m in Sources */ = {isa = PBXBuildFile; fileRef = 20958BFE1AF598A40017A48E /* TwelveTests.m */; };
		209A8DA638FE14CEFE8374A8 /* libPods.a in Frameworks */ = {isa = PBXBuildFile; fileRef = 07A00B9281484CF47DAD76A5 /* libPods.a */; };
/* End PBXBuildFile section */

/* Begin PBXContainerItemProxy section */
		20958BF91AF598A40017A48E /* PBXContainerItemProxy */ = {
			isa = PBXContainerItemProxy;
			containerPortal = 20958BDD1AF598A40017A48E /* Project object */;
			proxyType = 1;
			remoteGlobalIDString = 20958BE41AF598A40017A48E;
			remoteInfo = Twelve;
		};
/* End PBXContainerItemProxy section */

/* Begin PBXFileReference section */
		07A00B9281484CF47DAD76A5 /* libPods.a */ = {isa = PBXFileReference; explicitFileType = archive.ar; includeInIndex = 0; path = libPods.a; sourceTree = BUILT_PRODUCTS_DIR; };
		14AF965DE3ADA994155F0524 /* Pods.debug.xcconfig */ = {isa = PBXFileReference; includeInIndex = 1; lastKnownFileType = text.xcconfig; name = Pods.debug.xcconfig; path = "Pods/Target Support Files/Pods/Pods.debug.xcconfig"; sourceTree = "<group>"; };
		205C2CC21AF6C9BA004ED9A7 /* Twelve.cpp */ = {isa = PBXFileReference; fileEncoding = 4; lastKnownFileType = sourcecode.cpp.cpp; path = Twelve.cpp; sourceTree = "<group>"; };
		205C2CC31AF6C9BA004ED9A7 /* Twelve.h */ = {isa = PBXFileReference; fileEncoding = 4; lastKnownFileType = sourcecode.c.h; path = Twelve.h; sourceTree = "<group>"; };
		205CDA5D1AF5A46C00A7F2DE /* Square.cpp */ = {isa = PBXFileReference; fileEncoding = 4; lastKnownFileType = sourcecode.cpp.cpp; path = Square.cpp; sourceTree = "<group>"; };
		205CDA5E1AF5A46C00A7F2DE /* Square.h */ = {isa = PBXFileReference; fileEncoding = 4; lastKnownFileType = sourcecode.c.h; path = Square.h; sourceTree = "<group>"; };
		205CDA601AF5BAB600A7F2DE /* Game.cpp */ = {isa = PBXFileReference; fileEncoding = 4; lastKnownFileType = sourcecode.cpp.cpp; path = Game.cpp; sourceTree = "<group>"; };
		205CDA611AF5BAB600A7F2DE /* Game.h */ = {isa = PBXFileReference; fileEncoding = 4; lastKnownFileType = sourcecode.c.h; path = Game.h; sourceTree = "<group>"; };
		20958BE51AF598A40017A48E /* Twelve.app */ = {isa = PBXFileReference; explicitFileType = wrapper.application; includeInIndex = 0; path = Twelve.app; sourceTree = BUILT_PRODUCTS_DIR; };
		20958BE91AF598A40017A48E /* Info.plist */ = {isa = PBXFileReference; lastKnownFileType = text.plist.xml; path = Info.plist; sourceTree = "<group>"; };
		20958BED1AF598A40017A48E /* main.cpp */ = {isa = PBXFileReference; lastKnownFileType = sourcecode.cpp.cpp; path = main.cpp; sourceTree = "<group>"; };
		20958BEF1AF598A40017A48E /* Images.xcassets */ = {isa = PBXFileReference; lastKnownFileType = folder.assetcatalog; path = Images.xcassets; sourceTree = "<group>"; };
		20958BF81AF598A40017A48E /* TwelveTests.xctest */ = {isa = PBXFileReference; explicitFileType = wrapper.cfbundle; includeInIndex = 0; path = TwelveTests.xctest; sourceTree = BUILT_PRODUCTS_DIR; };
		20958BFD1AF598A40017A48E /* Info.plist */ = {isa = PBXFileReference; lastKnownFileType = text.plist.xml; path = Info.plist; sourceTree = "<group>"; };
		20958BFE1AF598A40017A48E /* TwelveTests.m */ = {isa = PBXFileReference; lastKnownFileType = sourcecode.c.objc; path = TwelveTests.m; sourceTree = "<group>"; };
		7FE6C503F1E5368F66B133A2 /* Pods.release.xcconfig */ = {isa = PBXFileReference; includeInIndex = 1; lastKnownFileType = text.xcconfig; name = Pods.release.xcconfig; path = "Pods/Target Support Files/Pods/Pods.release.xcconfig"; sourceTree = "<group>"; };
/* End PBXFileReference section */

/* Begin PBXFrameworksBuildPhase section */
		20958BE21AF598A40017A48E /* Frameworks */ = {
			isa = PBXFrameworksBuildPhase;
			buildActionMask = 2147483647;
			files = (
				209A8DA638FE14CEFE8374A8 /* libPods.a in Frameworks */,
			);
			runOnlyForDeploymentPostprocessing = 0;
		};
		20958BF51AF598A40017A48E /* Frameworks */ = {
			isa = PBXFrameworksBuildPhase;
			buildActionMask = 2147483647;
			files = (
			);
			runOnlyForDeploymentPostprocessing = 0;
		};
/* End PBXFrameworksBuildPhase section */

/* Begin PBXGroup section */
		20958BDC1AF598A40017A48E = {
			isa = PBXGroup;
			children = (
				20958BE71AF598A40017A48E /* Twelve */,
				20958BFB1AF598A40017A48E /* TwelveTests */,
				20958BE61AF598A40017A48E /* Products */,
				7FBFBADB30F451ABA7DA6CFF /* Pods */,
				E7FA3759A997B5B586A47D73 /* Frameworks */,
			);
			sourceTree = "<group>";
		};
		20958BE61AF598A40017A48E /* Products */ = {
			isa = PBXGroup;
			children = (
				20958BE51AF598A40017A48E /* Twelve.app */,
				20958BF81AF598A40017A48E /* TwelveTests.xctest */,
			);
			name = Products;
			sourceTree = "<group>";
		};
		20958BE71AF598A40017A48E /* Twelve */ = {
			isa = PBXGroup;
			children = (
				20958BEF1AF598A40017A48E /* Images.xcassets */,
				20958BE81AF598A40017A48E /* Supporting Files */,
				205CDA5D1AF5A46C00A7F2DE /* Square.cpp */,
				205CDA5E1AF5A46C00A7F2DE /* Square.h */,
				205CDA601AF5BAB600A7F2DE /* Game.cpp */,
				205CDA611AF5BAB600A7F2DE /* Game.h */,
				205C2CC21AF6C9BA004ED9A7 /* Twelve.cpp */,
				205C2CC31AF6C9BA004ED9A7 /* Twelve.h */,
			);
			path = Twelve;
			sourceTree = "<group>";
		};
		20958BE81AF598A40017A48E /* Supporting Files */ = {
			isa = PBXGroup;
			children = (
				20958BE91AF598A40017A48E /* Info.plist */,
				20958BED1AF598A40017A48E /* main.cpp */,
			);
			name = "Supporting Files";
			sourceTree = "<group>";
		};
		20958BFB1AF598A40017A48E /* TwelveTests */ = {
			isa = PBXGroup;
			children = (
				20958BFE1AF598A40017A48E /* TwelveTests.m */,
				20958BFC1AF598A40017A48E /* Supporting Files */,
			);
			path = TwelveTests;
			sourceTree = "<group>";
		};
		20958BFC1AF598A40017A48E /* Supporting Files */ = {
			isa = PBXGroup;
			children = (
				20958BFD1AF598A40017A48E /* Info.plist */,
			);
			name = "Supporting Files";
			sourceTree = "<group>";
		};
		7FBFBADB30F451ABA7DA6CFF /* Pods */ = {
			isa = PBXGroup;
			children = (
				14AF965DE3ADA994155F0524 /* Pods.debug.xcconfig */,
				7FE6C503F1E5368F66B133A2 /* Pods.release.xcconfig */,
			);
			name = Pods;
			sourceTree = "<group>";
		};
		E7FA3759A997B5B586A47D73 /* Frameworks */ = {
			isa = PBXGroup;
			children = (
				07A00B9281484CF47DAD76A5 /* libPods.a */,
			);
			name = Frameworks;
			sourceTree = "<group>";
		};
/* End PBXGroup section */

/* Begin PBXNativeTarget section */
		20958BE41AF598A40017A48E /* Twelve */ = {
			isa = PBXNativeTarget;
			buildConfigurationList = 20958C021AF598A40017A48E /* Build configuration list for PBXNativeTarget "Twelve" */;
			buildPhases = (
				4F67143F71AA138155DC6ED4 /* Check Pods Manifest.lock */,
				20958BE11AF598A40017A48E /* Sources */,
				20958BE21AF598A40017A48E /* Frameworks */,
				20958BE31AF598A40017A48E /* Resources */,
				74CC47BD4AB1BF5ECD2C9210 /* Copy Pods Resources */,
			);
			buildRules = (
			);
			dependencies = (
			);
			name = Twelve;
			productName = Twelve;
			productReference = 20958BE51AF598A40017A48E /* Twelve.app */;
			productType = "com.apple.product-type.application";
		};
		20958BF71AF598A40017A48E /* TwelveTests */ = {
			isa = PBXNativeTarget;
			buildConfigurationList = 20958C051AF598A40017A48E /* Build configuration list for PBXNativeTarget "TwelveTests" */;
			buildPhases = (
				20958BF41AF598A40017A48E /* Sources */,
				20958BF51AF598A40017A48E /* Frameworks */,
				20958BF61AF598A40017A48E /* Resources */,
			);
			buildRules = (
			);
			dependencies = (
				20958BFA1AF598A40017A48E /* PBXTargetDependency */,
			);
			name = TwelveTests;
			productName = TwelveTests;
			productReference = 20958BF81AF598A40017A48E /* TwelveTests.xctest */;
			productType = "com.apple.product-type.bundle.unit-test";
		};
/* End PBXNativeTarget section */

/* Begin PBXProject section */
		20958BDD1AF598A40017A48E /* Project object */ = {
			isa = PBXProject;
			attributes = {
				LastUpgradeCheck = 0630;
				ORGANIZATIONNAME = edu.self;
				TargetAttributes = {
					20958BE41AF598A40017A48E = {
						CreatedOnToolsVersion = 6.3.1;
					};
					20958BF71AF598A40017A48E = {
						CreatedOnToolsVersion = 6.3.1;
						TestTargetID = 20958BE41AF598A40017A48E;
					};
				};
			};
			buildConfigurationList = 20958BE01AF598A40017A48E /* Build configuration list for PBXProject "Twelve" */;
			compatibilityVersion = "Xcode 3.2";
			developmentRegion = English;
			hasScannedForEncodings = 0;
			knownRegions = (
				en,
				Base,
			);
			mainGroup = 20958BDC1AF598A40017A48E;
			productRefGroup = 20958BE61AF598A40017A48E /* Products */;
			projectDirPath = "";
			projectRoot = "";
			targets = (
				20958BE41AF598A40017A48E /* Twelve */,
				20958BF71AF598A40017A48E /* TwelveTests */,
			);
		};
/* End PBXProject section */

/* Begin PBXResourcesBuildPhase section */
		20958BE31AF598A40017A48E /* Resources */ = {
			isa = PBXResourcesBuildPhase;
			buildActionMask = 2147483647;
			files = (
				20958BF01AF598A40017A48E /* Images.xcassets in Resources */,
			);
			runOnlyForDeploymentPostprocessing = 0;
		};
		20958BF61AF598A40017A48E /* Resources */ = {
			isa = PBXResourcesBuildPhase;
			buildActionMask = 2147483647;
			files = (
			);
			runOnlyForDeploymentPostprocessing = 0;
		};
/* End PBXResourcesBuildPhase section */

/* Begin PBXShellScriptBuildPhase section */
		4F67143F71AA138155DC6ED4 /* Check Pods Manifest.lock */ = {
			isa = PBXShellScriptBuildPhase;
			buildActionMask = 2147483647;
			files = (
			);
			inputPaths = (
			);
			name = "Check Pods Manifest.lock";
			outputPaths = (
			);
			runOnlyForDeploymentPostprocessing = 0;
			shellPath = /bin/sh;
			shellScript = "diff \"${PODS_ROOT}/../Podfile.lock\" \"${PODS_ROOT}/Manifest.lock\" > /dev/null\nif [[ $? != 0 ]] ; then\n    cat << EOM\nerror: The sandbox is not in sync with the Podfile.lock. Run 'pod install' or update your CocoaPods installation.\nEOM\n    exit 1\nfi\n";
			showEnvVarsInLog = 0;
		};
		74CC47BD4AB1BF5ECD2C9210 /* Copy Pods Resources */ = {
			isa = PBXShellScriptBuildPhase;
			buildActionMask = 2147483647;
			files = (
			);
			inputPaths = (
			);
			name = "Copy Pods Resources";
			outputPaths = (
			);
			runOnlyForDeploymentPostprocessing = 0;
			shellPath = /bin/sh;
			shellScript = "\"${SRCROOT}/Pods/Target Support Files/Pods/Pods-resources.sh\"\n";
			showEnvVarsInLog = 0;
		};
/* End PBXShellScriptBuildPhase section */

/* Begin PBXSourcesBuildPhase section */
		20958BE11AF598A40017A48E /* Sources */ = {
			isa = PBXSourcesBuildPhase;
			buildActionMask = 2147483647;
			files = (
				205CDA621AF5BAB600A7F2DE /* Game.cpp in Sources */,
				205CDA5F1AF5A46C00A7F2DE /* Square.cpp in Sources */,
				205C2CC41AF6C9BA004ED9A7 /* Twelve.cpp in Sources */,
				20958BEE1AF598A40017A48E /* main.cpp in Sources */,
			);
			runOnlyForDeploymentPostprocessing = 0;
		};
		20958BF41AF598A40017A48E /* Sources */ = {
			isa = PBXSourcesBuildPhase;
			buildActionMask = 2147483647;
			files = (
				20958BFF1AF598A40017A48E /* TwelveTests.m in Sources */,
			);
			runOnlyForDeploymentPostprocessing = 0;
		};
/* End PBXSourcesBuildPhase section */

/* Begin PBXTargetDependency section */
		20958BFA1AF598A40017A48E /* PBXTargetDependency */ = {
			isa = PBXTargetDependency;
			target = 20958BE41AF598A40017A48E /* Twelve */;
			targetProxy = 20958BF91AF598A40017A48E /* PBXContainerItemProxy */;
		};
/* End PBXTargetDependency section */

/* Begin XCBuildConfiguration section */
		20958C001AF598A40017A48E /* Debug */ = {
			isa = XCBuildConfiguration;
			buildSettings = {
				ALWAYS_SEARCH_USER_PATHS = NO;
				CLANG_CXX_LANGUAGE_STANDARD = "gnu++0x";
				CLANG_CXX_LIBRARY = "libc++";
				CLANG_ENABLE_MODULES = YES;
				CLANG_ENABLE_OBJC_ARC = YES;
				CLANG_WARN_BOOL_CONVERSION = YES;
				CLANG_WARN_CONSTANT_CONVERSION = YES;
				CLANG_WARN_DIRECT_OBJC_ISA_USAGE = YES_ERROR;
				CLANG_WARN_EMPTY_BODY = YES;
				CLANG_WARN_ENUM_CONVERSION = YES;
				CLANG_WARN_INT_CONVERSION = YES;
				CLANG_WARN_OBJC_ROOT_CLASS = YES_ERROR;
				CLANG_WARN_UNREACHABLE_CODE = YES;
				CLANG_WARN__DUPLICATE_METHOD_MATCH = YES;
				CODE_SIGN_IDENTITY = "-";
				COPY_PHASE_STRIP = NO;
				DEBUG_INFORMATION_FORMAT = dwarf;
				ENABLE_STRICT_OBJC_MSGSEND = YES;
				GCC_C_LANGUAGE_STANDARD = gnu99;
				GCC_DYNAMIC_NO_PIC = NO;
				GCC_NO_COMMON_BLOCKS = YES;
				GCC_OPTIMIZATION_LEVEL = 0;
				GCC_PREPROCESSOR_DEFINITIONS = (
					"DEBUG=1",
					"$(inherited)",
				);
				GCC_SYMBOLS_PRIVATE_EXTERN = NO;
				GCC_WARN_64_TO_32_BIT_CONVERSION = YES;
				GCC_WARN_ABOUT_RETURN_TYPE = YES_ERROR;
				GCC_WARN_UNDECLARED_SELECTOR = YES;
				GCC_WARN_UNINITIALIZED_AUTOS = YES_AGGRESSIVE;
				GCC_WARN_UNUSED_FUNCTION = YES;
				GCC_WARN_UNUSED_VARIABLE = YES;
				MACOSX_DEPLOYMENT_TARGET = 10.10;
				MTL_ENABLE_DEBUG_INFO = YES;
				ONLY_ACTIVE_ARCH = YES;
				SDKROOT = macosx;
			};
			name = Debug;
		};
		20958C011AF598A40017A48E /* Release */ = {
			isa = XCBuildConfiguration;
			buildSettings = {
				ALWAYS_SEARCH_USER_PATHS = NO;
				CLANG_CXX_LANGUAGE_STANDARD = "gnu++0x";
				CLANG_CXX_LIBRARY = "libc++";
				CLANG_ENABLE_MODULES = YES;
				CLANG_ENABLE_OBJC_ARC = YES;
				CLANG_WARN_BOOL_CONVERSION = YES;
				CLANG_WARN_CONSTANT_CONVERSION = YES;
				CLANG_WARN_DIRECT_OBJC_ISA_USAGE = YES_ERROR;
				CLANG_WARN_EMPTY_BODY = YES;
				CLANG_WARN_ENUM_CONVERSION = YES;
				CLANG_WARN_INT_CONVERSION = YES;
				CLANG_WARN_OBJC_ROOT_CLASS = YES_ERROR;
				CLANG_WARN_UNREACHABLE_CODE = YES;
				CLANG_WARN__DUPLICATE_METHOD_MATCH = YES;
				CODE_SIGN_IDENTITY = "-";
				COPY_PHASE_STRIP = NO;
				DEBUG_INFORMATION_FORMAT = "dwarf-with-dsym";
				ENABLE_NS_ASSERTIONS = NO;
				ENABLE_STRICT_OBJC_MSGSEND = YES;
				GCC_C_LANGUAGE_STANDARD = gnu99;
				GCC_NO_COMMON_BLOCKS = YES;
				GCC_WARN_64_TO_32_BIT_CONVERSION = YES;
				GCC_WARN_ABOUT_RETURN_TYPE = YES_ERROR;
				GCC_WARN_UNDECLARED_SELECTOR = YES;
				GCC_WARN_UNINITIALIZED_AUTOS = YES_AGGRESSIVE;
				GCC_WARN_UNUSED_FUNCTION = YES;
				GCC_WARN_UNUSED_VARIABLE = YES;
				MACOSX_DEPLOYMENT_TARGET = 10.10;
				MTL_ENABLE_DEBUG_INFO = NO;
				SDKROOT = macosx;
			};
			name = Release;
		};
		20958C031AF598A40017A48E /* Debug */ = {
			isa = XCBuildConfiguration;
			baseConfigurationReference = 14AF965DE3ADA994155F0524 /* Pods.debug.xcconfig */;
			buildSettings = {
				ASSETCATALOG_COMPILER_APPICON_NAME = AppIcon;
				COMBINE_HIDPI_IMAGES = YES;
				INFOPLIST_FILE = Twelve/Info.plist;
				LD_RUNPATH_SEARCH_PATHS = "$(inherited) @executable_path/../Frameworks";
				PRODUCT_NAME = "$(TARGET_NAME)";
			};
			name = Debug;
		};
		20958C041AF598A40017A48E /* Release */ = {
			isa = XCBuildConfiguration;
			baseConfigurationReference = 7FE6C503F1E5368F66B133A2 /* Pods.release.xcconfig */;
			buildSettings = {
				ASSETCATALOG_COMPILER_APPICON_NAME = AppIcon;
				COMBINE_HIDPI_IMAGES = YES;
				INFOPLIST_FILE = Twelve/Info.plist;
				LD_RUNPATH_SEARCH_PATHS = "$(inherited) @executable_path/../Frameworks";
				PRODUCT_NAME = "$(TARGET_NAME)";
			};
			name = Release;
		};
		20958C061AF598A40017A48E /* Debug */ = {
			isa = XCBuildConfiguration;
			buildSettings = {
				BUNDLE_LOADER = "$(TEST_HOST)";
				COMBINE_HIDPI_IMAGES = YES;
				FRAMEWORK_SEARCH_PATHS = (
					"$(DEVELOPER_FRAMEWORKS_DIR)",
					"$(inherited)",
				);
				GCC_PREPROCESSOR_DEFINITIONS = (
					"DEBUG=1",
					"$(inherited)",
				);
				INFOPLIST_FILE = TwelveTests/Info.plist;
				LD_RUNPATH_SEARCH_PATHS = "$(inherited) @executable_path/../Frameworks @loader_path/../Frameworks";
				PRODUCT_NAME = "$(TARGET_NAME)";
				TEST_HOST = "$(BUILT_PRODUCTS_DIR)/Twelve.app/Contents/MacOS/Twelve";
			};
			name = Debug;
		};
		20958C071AF598A40017A48E /* Release */ = {
			isa = XCBuildConfiguration;
			buildSettings = {
				BUNDLE_LOADER = "$(TEST_HOST)";
				COMBINE_HIDPI_IMAGES = YES;
				FRAMEWORK_SEARCH_PATHS = (
					"$(DEVELOPER_FRAMEWORKS_DIR)",
					"$(inherited)",
				);
				INFOPLIST_FILE = TwelveTests/Info.plist;
				LD_RUNPATH_SEARCH_PATHS = "$(inherited) @executable_path/../Frameworks @loader_path/../Frameworks";
				PRODUCT_NAME = "$(TARGET_NAME)";
				TEST_HOST = "$(BUILT_PRODUCTS_DIR)/Twelve.app/Contents/MacOS/Twelve";
			};
			name = Release;
		};
/* End XCBuildConfiguration section */

/* Begin XCConfigurationList section */
		20958BE01AF598A40017A48E /* Build configuration list for PBXProject "Twelve" */ = {
			isa = XCConfigurationList;
			buildConfigurations = (
				20958C001AF598A40017A48E /* Debug */,
				20958C011AF598A40017A48E /* Release */,
			);
			defaultConfigurationIsVisible = 0;
			defaultConfigurationName = Release;
		};
		20958C021AF598A40017A48E /* Build configuration list for PBXNativeTarget "Twelve" */ = {
			isa = XCConfigurationList;
			buildConfigurations = (
				20958C031AF598A40017A48E /* Debug */,
				20958C041AF598A40017A48E /* Release */,
			);
			defaultConfigurationIsVisible = 0;
			defaultConfigurationName = Release;
		};
		20958C051AF598A40017A48E /* Build configuration list for PBXNativeTarget "TwelveTests" */ = {
			isa = XCConfigurationList;
			buildConfigurations = (
				20958C061AF598A40017A48E /* Debug */,
				20958C071AF598A40017A48E /* Release */,
			);
			defaultConfigurationIsVisible = 0;
			defaultConfigurationName = Release;
		};
/* End XCConfigurationList section */
	};
	rootObject = 20958BDD1AF598A40017A48E /* Project object */;
}
